{
    "_readme": [
        "This file locks the dependencies of your project to a known state",
        "Read more about it at http://getcomposer.org/doc/01-basic-usage.md#composer-lock-the-lock-file"
    ],
    "hash": "ce0b69ee7b20f9bbb9131fd41c95d607",
    "packages": [
        {
            "name": "guzzle/guzzle",
            "version": "dev-master",
            "source": {
                "type": "git",
                "url": "https://github.com/guzzle/guzzle.git",
                "reference": "8a14a60dcc2483e09de6a3456f4c05aedc686e7b"
            },
            "dist": {
                "type": "zip",
                "url": "https://api.github.com/repos/guzzle/guzzle/zipball/8a14a60dcc2483e09de6a3456f4c05aedc686e7b",
                "reference": "8a14a60dcc2483e09de6a3456f4c05aedc686e7b",
                "shasum": ""
            },
            "require": {
                "ext-curl": "*",
                "php": ">=5.3.2",
                "symfony/event-dispatcher": ">=2.1"
            },
            "replace": {
                "guzzle/batch": "self.version",
                "guzzle/cache": "self.version",
                "guzzle/common": "self.version",
                "guzzle/http": "self.version",
                "guzzle/inflection": "self.version",
                "guzzle/iterator": "self.version",
                "guzzle/log": "self.version",
                "guzzle/parser": "self.version",
                "guzzle/plugin": "self.version",
                "guzzle/plugin-async": "self.version",
                "guzzle/plugin-backoff": "self.version",
                "guzzle/plugin-cache": "self.version",
                "guzzle/plugin-cookie": "self.version",
                "guzzle/plugin-curlauth": "self.version",
                "guzzle/plugin-error-response": "self.version",
                "guzzle/plugin-history": "self.version",
                "guzzle/plugin-log": "self.version",
                "guzzle/plugin-md5": "self.version",
                "guzzle/plugin-mock": "self.version",
                "guzzle/plugin-oauth": "self.version",
                "guzzle/service": "self.version",
                "guzzle/stream": "self.version"
            },
            "require-dev": {
                "doctrine/cache": "*",
                "monolog/monolog": "1.*",
                "phpunit/phpunit": "3.7.*",
                "psr/log": "1.0.*",
                "symfony/class-loader": "*",
                "zendframework/zend-cache": "2.0.*",
                "zendframework/zend-log": "2.0.*"
            },
            "type": "library",
            "extra": {
                "branch-alias": {
                    "dev-master": "3.5-dev"
                }
            },
            "autoload": {
                "psr-0": {
                    "Guzzle\\Tests": "tests/",
                    "Guzzle": "src/"
                }
            },
            "notification-url": "https://packagist.org/downloads/",
            "license": [
                "MIT"
            ],
            "authors": [
                {
                    "name": "Michael Dowling",
                    "email": "mtdowling@gmail.com",
                    "homepage": "https://github.com/mtdowling"
                },
                {
                    "name": "Guzzle Community",
                    "homepage": "https://github.com/guzzle/guzzle/contributors"
                }
            ],
            "description": "Guzzle is a PHP HTTP client library and framework for building RESTful web service clients",
            "homepage": "http://guzzlephp.org/",
            "keywords": [
                "client",
                "curl",
                "framework",
                "http",
                "http client",
                "rest",
                "web service"
            ],
            "time": "2013-05-19 01:16:38"
        },
        {
            "name": "respect/validation",
            "version": "dev-develop",
            "source": {
                "type": "git",
                "url": "https://github.com/Respect/Validation.git",
                "reference": "21ef9dae33f9c8bca1ad2bd4d703c356ae39a719"
            },
            "dist": {
                "type": "zip",
                "url": "https://api.github.com/repos/Respect/Validation/zipball/21ef9dae33f9c8bca1ad2bd4d703c356ae39a719",
                "reference": "21ef9dae33f9c8bca1ad2bd4d703c356ae39a719",
                "shasum": ""
            },
            "require-dev": {
                "symfony/validator": "2.*",
                "zendframework/zend-validator": "2.*"
            },
            "type": "library",
            "autoload": {
                "psr-0": {
                    "Respect\\Validation": "library/"
                }
            },
            "notification-url": "https://packagist.org/downloads/",
            "license": [
                "BSD Style"
            ],
            "authors": [
                {
                    "name": "Henrique Moody",
                    "email": "henriquemoody@gmail.com",
                    "homepage": "http://henriquemoody.com/"
                },
                {
                    "name": "Alexandre Gaigalas",
                    "email": "alexandre@gaigalas.net"
                },
                {
                    "name": "Carlos André Ferrari",
                    "email": "caferrari@gmail.com"
                },
                {
                    "name": "Devin Torres",
                    "email": "devin@devintorres.com"
                },
                {
                    "name": "Emerson Carvalho",
                    "email": "emerson.broga@gmail.com"
                },
                {
                    "name": "Fábio da Silva Ribeiro",
                    "email": "fabiorphp@gmail.com"
                },
                {
                    "name": "Jair Henrique",
                    "email": "jair.henrique@gmail.com"
                },
                {
                    "name": "Jayson Reis",
                    "email": "santosdosreis@gmail.com"
                },
                {
                    "name": "Jean Pimentel",
                    "email": "jeanfap@gmail.com"
                },
                {
                    "name": "Kleber Hamada Sato",
                    "email": "kleberhs007@yahoo.com"
                },
                {
                    "name": "Leandro",
                    "email": "lleitep3@gmail.com"
                },
                {
                    "name": "Marcelo Araujo",
                    "email": "msaraujo@php.net"
                },
                {
                    "name": "Michael Klishin",
                    "email": "michaelklishin@me.com"
                },
                {
                    "name": "Morf",
                    "email": "i@morfi.ru"
                },
                {
                    "name": "Rogerio Prado de Jesus",
                    "email": "rogeriopradoj@gmail.com"
                },
                {
                    "name": "Torben Brodt",
                    "email": "t.brodt@gmail.com"
                },
                {
                    "name": "Kinn Coelho Julião",
                    "email": "kinncj@gmail.com",
                    "homepage": "http://kinncj.com.br",
                    "role": "Developer"
                },
                {
                    "name": "Augusto Pascutti",
                    "email": "augusto@phpsp.org.br"
                }
            ],
            "description": "The most awesome validation engine ever created for PHP",
            "time": "2013-04-30 17:13:14"
        },
        {
            "name": "symfony/event-dispatcher",
            "version": "dev-master",
            "target-dir": "Symfony/Component/EventDispatcher",
            "source": {
                "type": "git",
                "url": "https://github.com/symfony/EventDispatcher.git",
                "reference": "4b34aad44d0a2d91f301ee967151ce0980f39930"
            },
            "dist": {
                "type": "zip",
                "url": "https://api.github.com/repos/symfony/EventDispatcher/zipball/4b34aad44d0a2d91f301ee967151ce0980f39930",
                "reference": "4b34aad44d0a2d91f301ee967151ce0980f39930",
                "shasum": ""
            },
            "require": {
                "php": ">=5.3.3"
            },
            "require-dev": {
                "symfony/dependency-injection": ">=2.0,<3.0"
            },
            "suggest": {
                "symfony/dependency-injection": "",
                "symfony/http-kernel": ""
            },
            "type": "library",
            "extra": {
                "branch-alias": {
                    "dev-master": "2.4-dev"
                }
            },
            "autoload": {
                "psr-0": {
                    "Symfony\\Component\\EventDispatcher\\": ""
                }
            },
            "notification-url": "https://packagist.org/downloads/",
            "license": [
                "MIT"
            ],
            "authors": [
                {
                    "name": "Fabien Potencier",
                    "email": "fabien@symfony.com"
                },
                {
                    "name": "Symfony Community",
                    "homepage": "http://symfony.com/contributors"
                }
            ],
            "description": "Symfony EventDispatcher Component",
            "homepage": "http://symfony.com",
            "time": "2013-05-16 07:54:39"
        }
    ],
    "packages-dev": [

    ],
    "aliases": [

    ],
    "minimum-stability": "dev",
    "stability-flags": {
        "respect/validation": 20
    },
    "platform": {
        "php": ">=5.3"
    },
    "platform-dev": [

    ]
}
